dependencies:
- name: common
  repository: file://charts/common
  version: 0.0.16
- name: everest-db-namespace
  repository: file://charts/everest-db-namespace
  version: 1.7.0
- name: kube-state-metrics
  repository: https://prometheus-community.github.io/helm-charts
  version: 5.27.0
- name: victoria-metrics-operator
  repository: https://victoriametrics.github.io/helm-charts
  version: 0.43.0
- name: pmm
  repository: https://percona.github.io/percona-helm-charts
  version: 1.3.21
digest: sha256:23f661f4f8b20b39f1311d46849c0ee24bef5dc370500707209610d641d05b68
generated: "2025-05-29T13:15:50.691831789Z"
